
Microsoft Visual Studio Solution File, Format Version 12.00
# Visual Studio Version 17
VisualStudioVersion = 17.0.31903.59
MinimumVisualStudioVersion = 10.0.40219.1
Project("{6EC3EE1D-3C4E-46DD-8F32-0CC8E7565705}") = "Pxl.Ui", "Pxl.Ui\Pxl.Ui.fsproj", "{424FB6DE-7227-43CA-952C-9C5FD3B241FB}"
EndProject
Project("{F2A71F9B-5D33-465A-A702-920D77279786}") = "Pxl", "Pxl\Pxl.fsproj", "{E0919BAA-0A25-45D8-BF70-EB53F8521FA1}"
EndProject
Project("{FAE04EC0-301F-11D3-BF4B-00C04F79EFBC}") = "Pxl.Ui.CSharp", "Pxl.Ui.CSharp\Pxl.Ui.CSharp.csproj", "{1E1EC7C5-7FB7-44D1-854A-C7A5A1E3B5D9}"
EndProject
Project("{FAE04EC0-301F-11D3-BF4B-00C04F79EFBC}") = "MyPxlApp", "MyPxlApp\MyPxlApp.csproj", "{294BA7A5-64FF-4584-BE00-9C9C068C17B3}"
EndProject
Project("{F2A71F9B-5D33-465A-A702-920D77279786}") = "Pxl.Ui.FSharp", "Pxl.Ui.FSharp\Pxl.Ui.FSharp.fsproj", "{054322A4-0CF6-4091-8D71-85706AD85AFC}"
EndProject
Global
	GlobalSection(SolutionConfigurationPlatforms) = preSolution
		Debug|Any CPU = Debug|Any CPU
		Release|Any CPU = Release|Any CPU
	EndGlobalSection
	GlobalSection(ProjectConfigurationPlatforms) = postSolution
		{424FB6DE-7227-43CA-952C-9C5FD3B241FB}.Debug|Any CPU.ActiveCfg = Debug|Any CPU
		{424FB6DE-7227-43CA-952C-9C5FD3B241FB}.Debug|Any CPU.Build.0 = Debug|Any CPU
		{424FB6DE-7227-43CA-952C-9C5FD3B241FB}.Release|Any CPU.ActiveCfg = Release|Any CPU
		{424FB6DE-7227-43CA-952C-9C5FD3B241FB}.Release|Any CPU.Build.0 = Release|Any CPU
		{E0919BAA-0A25-45D8-BF70-EB53F8521FA1}.Debug|Any CPU.ActiveCfg = Debug|Any CPU
		{E0919BAA-0A25-45D8-BF70-EB53F8521FA1}.Debug|Any CPU.Build.0 = Debug|Any CPU
		{E0919BAA-0A25-45D8-BF70-EB53F8521FA1}.Release|Any CPU.ActiveCfg = Release|Any CPU
		{E0919BAA-0A25-45D8-BF70-EB53F8521FA1}.Release|Any CPU.Build.0 = Release|Any CPU
		{1E1EC7C5-7FB7-44D1-854A-C7A5A1E3B5D9}.Debug|Any CPU.ActiveCfg = Debug|Any CPU
		{1E1EC7C5-7FB7-44D1-854A-C7A5A1E3B5D9}.Debug|Any CPU.Build.0 = Debug|Any CPU
		{1E1EC7C5-7FB7-44D1-854A-C7A5A1E3B5D9}.Release|Any CPU.ActiveCfg = Release|Any CPU
		{1E1EC7C5-7FB7-44D1-854A-C7A5A1E3B5D9}.Release|Any CPU.Build.0 = Release|Any CPU
		{294BA7A5-64FF-4584-BE00-9C9C068C17B3}.Debug|Any CPU.ActiveCfg = Debug|Any CPU
		{294BA7A5-64FF-4584-BE00-9C9C068C17B3}.Debug|Any CPU.Build.0 = Debug|Any CPU
		{294BA7A5-64FF-4584-BE00-9C9C068C17B3}.Release|Any CPU.ActiveCfg = Release|Any CPU
		{294BA7A5-64FF-4584-BE00-9C9C068C17B3}.Release|Any CPU.Build.0 = Release|Any CPU
		{054322A4-0CF6-4091-8D71-85706AD85AFC}.Debug|Any CPU.ActiveCfg = Debug|Any CPU
		{054322A4-0CF6-4091-8D71-85706AD85AFC}.Debug|Any CPU.Build.0 = Debug|Any CPU
		{054322A4-0CF6-4091-8D71-85706AD85AFC}.Release|Any CPU.ActiveCfg = Release|Any CPU
		{054322A4-0CF6-4091-8D71-85706AD85AFC}.Release|Any CPU.Build.0 = Release|Any CPU
	EndGlobalSection
	GlobalSection(SolutionProperties) = preSolution
		HideSolutionNode = FALSE
	EndGlobalSection
EndGlobal
